<?xml version="1.0" encoding="utf-8"?>
<Project ToolsVersion="12.0" xmlns="http://schemas.microsoft.com/developer/msbuild/2003">
  <ItemGroup>
    <ClInclude Include="$(MSBuildThisFileDirectory)pch.h" />
    <ClInclude Include="$(MSBuildThisFileDirectory)D3D11DeviceLock.h" />
    <ClInclude Include="$(MSBuildThisFileDirectory)DebuggerLogger.h" />
    <ClInclude Include="$(MSBuildThisFileDirectory)SampleFormatter.h" />
    <ClInclude Include="$(MSBuildThisFileDirectory)MediaGraphicsDevice.h" />
    <ClInclude Include="$(MSBuildThisFileDirectory)MediaTypeFormatter.h" />
    <ClInclude Include="$(MSBuildThisFileDirectory)MediaSample.h" />
    <ClInclude Include="$(MSBuildThisFileDirectory)MediaSink.h" />
    <ClInclude Include="$(MSBuildThisFileDirectory)MediaStreamSink.h" />
    <ClInclude Include="$(MSBuildThisFileDirectory)CaptureReader.h" />
    <ClInclude Include="$(MSBuildThisFileDirectory)MediaSamplePresenter.h" />
    <ClInclude Include="$(MSBuildThisFileDirectory)NullMediaCaptureImpl.h" />
    <ClInclude Include="$(MSBuildThisFileDirectory)NullMediaCapture.h" />
    <ClInclude Include="$(MSBuildThisFileDirectory)NullVideoDeviceController.h" />
    <ClInclude Include="$(MSBuildThisFileDirectory)MediaSampleEncoder.h" />
  </ItemGroup>
  <ItemGroup>
    <ClCompile Include="$(MSBuildThisFileDirectory)pch.cpp">
      <PrecompiledHeader>Create</PrecompiledHeader>
    </ClCompile>
    <ClCompile Include="$(MSBuildThisFileDirectory)DebuggerLogger.cpp" />
    <ClCompile Include="$(MSBuildThisFileDirectory)SampleFormatter.cpp" />
    <ClCompile Include="$(MSBuildThisFileDirectory)MediaGraphicsDevice.cpp" />
    <ClCompile Include="$(MSBuildThisFileDirectory)MediaTypeFormatter.cpp" />
    <ClCompile Include="$(MSBuildThisFileDirectory)MediaSample.cpp" />
    <ClCompile Include="$(MSBuildThisFileDirectory)MediaStreamSink.cpp" />
    <ClCompile Include="$(MSBuildThisFileDirectory)CaptureReader.cpp" />
    <ClCompile Include="$(MSBuildThisFileDirectory)MediaSamplePresenter.cpp" />
    <ClCompile Include="$(MSBuildThisFileDirectory)NullMediaCaptureImpl.cpp" />
    <ClCompile Include="$(MSBuildThisFileDirectory)NullMediaCapture.cpp" />
    <ClCompile Include="$(MSBuildThisFileDirectory)NullVideoDeviceController.cpp" />
    <ClCompile Include="$(MSBuildThisFileDirectory)MediaSampleEncoder.cpp" />
  </ItemGroup>
</Project>