<?xml version="1.0" encoding="utf-8"?>
<Project ToolsVersion="12.0" xmlns="http://schemas.microsoft.com/developer/msbuild/2003">
  <ItemGroup>
    <ClInclude Include="$(MSBuildThisFileDirectory)pch.h" />
    <ClInclude Include="$(MSBuildThisFileDirectory)D3D11DeviceLock.h" />
    <ClInclude Include="$(MSBuildThisFileDirectory)DebuggerLogger.h" />
    <ClInclude Include="$(MSBuildThisFileDirectory)SampleFormatter.h" />
    <ClInclude Include="$(MSBuildThisFileDirectory)MediaGraphicsDevice.h" />
    <ClInclude Include="$(MSBuildThisFileDirectory)MediaTypeFormatter.h" />
    <ClInclude Include="$(MSBuildThisFileDirectory)MediaSample.h" />
    <ClInclude Include="$(MSBuildThisFileDirectory)MediaSink.h" />
    <ClInclude Include="$(MSBuildThisFileDirectory)MediaStreamSink.h" />
    <ClInclude Include="$(MSBuildThisFileDirectory)CaptureReader.h" />
    <ClInclude Include="$(MSBuildThisFileDirectory)NullMediaCaptureImpl.h" />
    <ClInclude Include="$(MSBuildThisFileDirectory)NullMediaCapture.h" />
    <ClInclude Include="$(MSBuildThisFileDirectory)NullVideoDeviceController.h" />
    <ClInclude Include="$(MSBuildThisFileDirectory)HttpMjpegCaptureSource.h" />
    <ClInclude Include="$(MSBuildThisFileDirectory)HttpMultipartMessage.h" />
    <ClInclude Include="$(MSBuildThisFileDirectory)MediaReader.h" />
    <ClInclude Include="$(MSBuildThisFileDirectory)MediaReaderSharedState.h" />
    <ClInclude Include="$(MSBuildThisFileDirectory)MediaReaderStreams.h" />
    <ClInclude Include="$(MSBuildThisFileDirectory)ReaderSharedState.h" />
    <ClInclude Include="$(MSBuildThisFileDirectory)SourceReaderCallback.h" />
    <ClInclude Include="$(MSBuildThisFileDirectory)MediaReaderReadResult.h" />
    <ClInclude Include="$(MSBuildThisFileDirectory)CaptureReaderSharedState.h" />
    <ClInclude Include="$(MSBuildThisFileDirectory)MediaBuffer2D.h" />
    <ClInclude Include="$(MSBuildThisFileDirectory)WinRTBuffer.h" />
    <ClInclude Include="$(MSBuildThisFileDirectory)NullMediaCaptureSettings.h" />
    <ClInclude Include="$(MSBuildThisFileDirectory)NullAudioDeviceController.h" />
    <ClInclude Include="$(MSBuildThisFileDirectory)ImageProcessor.h" />
    <ClInclude Include="$(MSBuildThisFileDirectory)ImagePresenter.h" />
    <ClInclude Include="$(MSBuildThisFileDirectory)ImageEncoder.h" />
  </ItemGroup>
  <ItemGroup>
    <ClCompile Include="$(MSBuildThisFileDirectory)pch.cpp">
      <PrecompiledHeader>Create</PrecompiledHeader>
    </ClCompile>
    <ClCompile Include="$(MSBuildThisFileDirectory)DebuggerLogger.cpp" />
    <ClCompile Include="$(MSBuildThisFileDirectory)SampleFormatter.cpp" />
    <ClCompile Include="$(MSBuildThisFileDirectory)MediaGraphicsDevice.cpp" />
    <ClCompile Include="$(MSBuildThisFileDirectory)MediaTypeFormatter.cpp" />
    <ClCompile Include="$(MSBuildThisFileDirectory)MediaSample.cpp" />
    <ClCompile Include="$(MSBuildThisFileDirectory)MediaStreamSink.cpp" />
    <ClCompile Include="$(MSBuildThisFileDirectory)CaptureReader.cpp" />
    <ClCompile Include="$(MSBuildThisFileDirectory)NullMediaCaptureImpl.cpp" />
    <ClCompile Include="$(MSBuildThisFileDirectory)NullMediaCapture.cpp" />
    <ClCompile Include="$(MSBuildThisFileDirectory)NullVideoDeviceController.cpp" />
    <ClCompile Include="$(MSBuildThisFileDirectory)HttpMjpegCaptureSource.cpp" />
    <ClCompile Include="$(MSBuildThisFileDirectory)MediaReader.cpp" />
    <ClCompile Include="$(MSBuildThisFileDirectory)MediaReaderSharedState.cpp" />
    <ClCompile Include="$(MSBuildThisFileDirectory)MediaReaderStreams.cpp" />
    <ClCompile Include="$(MSBuildThisFileDirectory)MediaReaderReadResult.cpp" />
    <ClCompile Include="$(MSBuildThisFileDirectory)CaptureReaderSharedState.cpp" />
    <ClCompile Include="$(MSBuildThisFileDirectory)MediaBuffer2D.cpp" />
    <ClCompile Include="$(MSBuildThisFileDirectory)NullMediaCaptureSettings.cpp" />
    <ClCompile Include="$(MSBuildThisFileDirectory)NullAudioDeviceController.cpp" />
    <ClCompile Include="$(MSBuildThisFileDirectory)ImageProcessor.cpp" />
    <ClCompile Include="$(MSBuildThisFileDirectory)ImagePresenter.cpp" />
    <ClCompile Include="$(MSBuildThisFileDirectory)ImageEncoder.cpp" />
  </ItemGroup>
</Project>