
Microsoft Visual Studio Solution File, Format Version 12.00
# Visual Studio 2013
VisualStudioVersion = 12.0.31101.0
MinimumVisualStudioVersion = 10.0.40219.1
Project("{2150E333-8FDC-42A3-9474-1A3956D46DE8}") = "MediaCaptureReader", "MediaCaptureReader", "{D5B2427F-6295-42B5-A983-A0B5A6431A18}"
EndProject
Project("{8BC9CEB8-8B4A-11D0-8D11-00A0C91BC942}") = "MediaCaptureReader.Shared", "MediaCaptureReader\MediaCaptureReader.Shared\MediaCaptureReader.Shared.vcxitems", "{071BB221-5418-434C-8706-E5F549053F03}"
EndProject
Project("{8BC9CEB8-8B4A-11D0-8D11-00A0C91BC942}") = "MediaCaptureReader.Windows", "MediaCaptureReader\MediaCaptureReader.Windows\MediaCaptureReader.Windows.vcxproj", "{076B7278-9F5A-450D-91C9-1AEFC086AFE1}"
EndProject
Project("{8BC9CEB8-8B4A-11D0-8D11-00A0C91BC942}") = "MediaCaptureReader.WindowsPhone", "MediaCaptureReader\MediaCaptureReader.WindowsPhone\MediaCaptureReader.WindowsPhone.vcxproj", "{190BC414-8267-4090-905A-28F522F7A544}"
EndProject
Project("{8BC9CEB8-8B4A-11D0-8D11-00A0C91BC942}") = "UnitTestsCx.Windows", "UnitTestsCx.Windows\UnitTestsCx.Windows.vcxproj", "{D2879184-3F33-4473-88E9-1301833143EB}"
EndProject
Project("{2150E333-8FDC-42A3-9474-1A3956D46DE8}") = "MediaCaptureReaderTestApp", "MediaCaptureReaderTestApp", "{7D0EF2C4-404D-49D1-9FEF-5DA31014F1DF}"
EndProject
Project("{D954291E-2A0B-460D-934E-DC6B0785DB48}") = "MediaCaptureReaderTestApp.Shared", "MediaCaptureReaderTestApp\MediaCaptureReaderTestApp.Shared\MediaCaptureReaderTestApp.Shared.shproj", "{751E3C0F-451A-4FB3-897F-CC4E9F231781}"
EndProject
Project("{FAE04EC0-301F-11D3-BF4B-00C04F79EFBC}") = "MediaCaptureReaderTestApp.Windows", "MediaCaptureReaderTestApp\MediaCaptureReaderTestApp.Windows\MediaCaptureReaderTestApp.Windows.csproj", "{7DB8D248-B230-48A8-B372-64EACF7BB2C7}"
EndProject
Project("{FAE04EC0-301F-11D3-BF4B-00C04F79EFBC}") = "MediaCaptureReaderTestApp.WindowsPhone", "MediaCaptureReaderTestApp\MediaCaptureReaderTestApp.WindowsPhone\MediaCaptureReaderTestApp.WindowsPhone.csproj", "{C382EC3B-D2FA-487E-AE89-B04BF926DEF9}"
EndProject
Project("{8BC9CEB8-8B4A-11D0-8D11-00A0C91BC942}") = "UnitTestsCx.WindowsPhone", "UnitTestsCx.WindowsPhone\UnitTestsCx.WindowsPhone.vcxproj", "{4ECF25E6-50C2-449A-868B-F9B2DC22D0D2}"
EndProject
Project("{8BC9CEB8-8B4A-11D0-8D11-00A0C91BC942}") = "Package", "Package\Package.vcxproj", "{C69D2B9D-A33D-4A05-8E48-D4785E1FC572}"
EndProject
Project("{FAE04EC0-301F-11D3-BF4B-00C04F79EFBC}") = "UnitTests.NuGet.Windows", "UnitTests.NuGet.Windows\UnitTests.NuGet.Windows.csproj", "{9A67BB26-BFF2-4D39-BC2A-A7C69BAD2439}"
EndProject
Project("{FAE04EC0-301F-11D3-BF4B-00C04F79EFBC}") = "UnitTests.NuGet.WindowsPhone", "UnitTests.NuGet.WindowsPhone\UnitTests.NuGet.WindowsPhone.csproj", "{215514CE-1BFF-4186-9F10-CD44A09257B4}"
EndProject
Project("{FAE04EC0-301F-11D3-BF4B-00C04F79EFBC}") = "UnitTestsCs.Windows", "UnitTestsCs.Windows\UnitTestsCs.Windows.csproj", "{A9D9D09B-243D-47D8-99FB-D0EDC5DEA74A}"
EndProject
Project("{FAE04EC0-301F-11D3-BF4B-00C04F79EFBC}") = "MediaCaptureReaderExtensions.Windows", "MediaCaptureReaderExtensions.Windows\MediaCaptureReaderExtensions.Windows.csproj", "{512A8B6E-04D5-4914-AA3D-11E35BBC173A}"
EndProject
Project("{FAE04EC0-301F-11D3-BF4B-00C04F79EFBC}") = "MediaCaptureReaderExtensions.WindowsPhone", "MediaCaptureReaderExtensions.WindowsPhone\MediaCaptureReaderExtensions.WindowsPhone.csproj", "{EC6C9854-2C46-4165-8FE7-7B12D0474FEE}"
EndProject
Project("{2150E333-8FDC-42A3-9474-1A3956D46DE8}") = "MediaCaptureReaderExtensions", "MediaCaptureReaderExtensions", "{9F74D49B-6A6D-4938-985A-02C5F99F359C}"
EndProject
Project("{2150E333-8FDC-42A3-9474-1A3956D46DE8}") = "QrCodeDetector", "QrCodeDetector", "{035153F1-FBD4-4E8F-9177-FA8DFB04355C}"
EndProject
Project("{D954291E-2A0B-460D-934E-DC6B0785DB48}") = "QrCodeDetector.Shared", "QrCodeDetector\QrCodeDetector.Shared\QrCodeDetector.Shared.shproj", "{1F08DE49-DFE0-4CEB-A659-72B621A59F73}"
EndProject
Project("{FAE04EC0-301F-11D3-BF4B-00C04F79EFBC}") = "QrCodeDetector.Windows", "QrCodeDetector\QrCodeDetector.Windows\QrCodeDetector.Windows.csproj", "{1843427E-F5D0-4D09-8A07-7CF935D34C5A}"
EndProject
Project("{FAE04EC0-301F-11D3-BF4B-00C04F79EFBC}") = "QrCodeDetector.WindowsPhone", "QrCodeDetector\QrCodeDetector.WindowsPhone\QrCodeDetector.WindowsPhone.csproj", "{EDA71CD7-2EF6-41C8-B1C3-ADB2C33C2F5C}"
EndProject
Project("{FAE04EC0-301F-11D3-BF4B-00C04F79EFBC}") = "UnitTestsCs.Desktop", "UnitTestsCs.Desktop\UnitTestsCs.Desktop.csproj", "{8A965FD2-5D89-439B-A92A-717CCE611F68}"
EndProject
Global
	GlobalSection(SharedMSBuildProjectFiles) = preSolution
		MediaCaptureReader\MediaCaptureReader.Shared\MediaCaptureReader.Shared.vcxitems*{076b7278-9f5a-450d-91c9-1aefc086afe1}*SharedItemsImports = 4
		QrCodeDetector\QrCodeDetector.Shared\QrCodeDetector.Shared.projitems*{1843427e-f5d0-4d09-8a07-7cf935d34c5a}*SharedItemsImports = 4
		MediaCaptureReaderTestApp\MediaCaptureReaderTestApp.Shared\MediaCaptureReaderTestApp.Shared.projitems*{c382ec3b-d2fa-487e-ae89-b04bf926def9}*SharedItemsImports = 4
		MediaCaptureReaderTestApp\MediaCaptureReaderTestApp.Shared\MediaCaptureReaderTestApp.Shared.projitems*{7db8d248-b230-48a8-b372-64eacf7bb2c7}*SharedItemsImports = 4
		QrCodeDetector\QrCodeDetector.Shared\QrCodeDetector.Shared.projitems*{1f08de49-dfe0-4ceb-a659-72b621a59f73}*SharedItemsImports = 13
		MediaCaptureReader\MediaCaptureReader.Shared\MediaCaptureReader.Shared.vcxitems*{190bc414-8267-4090-905a-28f522f7a544}*SharedItemsImports = 4
		MediaCaptureReader\MediaCaptureReader.Shared\MediaCaptureReader.Shared.vcxitems*{071bb221-5418-434c-8706-e5f549053f03}*SharedItemsImports = 9
		MediaCaptureReaderTestApp\MediaCaptureReaderTestApp.Shared\MediaCaptureReaderTestApp.Shared.projitems*{751e3c0f-451a-4fb3-897f-cc4e9f231781}*SharedItemsImports = 13
		QrCodeDetector\QrCodeDetector.Shared\QrCodeDetector.Shared.projitems*{eda71cd7-2ef6-41c8-b1c3-adb2c33c2f5c}*SharedItemsImports = 4
	EndGlobalSection
	GlobalSection(SolutionConfigurationPlatforms) = preSolution
		Debug|Any CPU = Debug|Any CPU
		Debug|ARM = Debug|ARM
		Debug|Mixed Platforms = Debug|Mixed Platforms
		Debug|Win32 = Debug|Win32
		Debug|x64 = Debug|x64
		Debug|x86 = Debug|x86
		Release|Any CPU = Release|Any CPU
		Release|ARM = Release|ARM
		Release|Mixed Platforms = Release|Mixed Platforms
		Release|Win32 = Release|Win32
		Release|x64 = Release|x64
		Release|x86 = Release|x86
	EndGlobalSection
	GlobalSection(ProjectConfigurationPlatforms) = postSolution
		{076B7278-9F5A-450D-91C9-1AEFC086AFE1}.Debug|Any CPU.ActiveCfg = Debug|Win32
		{076B7278-9F5A-450D-91C9-1AEFC086AFE1}.Debug|ARM.ActiveCfg = Debug|ARM
		{076B7278-9F5A-450D-91C9-1AEFC086AFE1}.Debug|ARM.Build.0 = Debug|ARM
		{076B7278-9F5A-450D-91C9-1AEFC086AFE1}.Debug|Mixed Platforms.ActiveCfg = Debug|Win32
		{076B7278-9F5A-450D-91C9-1AEFC086AFE1}.Debug|Mixed Platforms.Build.0 = Debug|Win32
		{076B7278-9F5A-450D-91C9-1AEFC086AFE1}.Debug|Win32.ActiveCfg = Debug|Win32
		{076B7278-9F5A-450D-91C9-1AEFC086AFE1}.Debug|Win32.Build.0 = Debug|Win32
		{076B7278-9F5A-450D-91C9-1AEFC086AFE1}.Debug|x64.ActiveCfg = Debug|x64
		{076B7278-9F5A-450D-91C9-1AEFC086AFE1}.Debug|x64.Build.0 = Debug|x64
		{076B7278-9F5A-450D-91C9-1AEFC086AFE1}.Debug|x86.ActiveCfg = Debug|Win32
		{076B7278-9F5A-450D-91C9-1AEFC086AFE1}.Debug|x86.Build.0 = Debug|Win32
		{076B7278-9F5A-450D-91C9-1AEFC086AFE1}.Release|Any CPU.ActiveCfg = Release|Win32
		{076B7278-9F5A-450D-91C9-1AEFC086AFE1}.Release|ARM.ActiveCfg = Release|ARM
		{076B7278-9F5A-450D-91C9-1AEFC086AFE1}.Release|ARM.Build.0 = Release|ARM
		{076B7278-9F5A-450D-91C9-1AEFC086AFE1}.Release|Mixed Platforms.ActiveCfg = Release|Win32
		{076B7278-9F5A-450D-91C9-1AEFC086AFE1}.Release|Mixed Platforms.Build.0 = Release|Win32
		{076B7278-9F5A-450D-91C9-1AEFC086AFE1}.Release|Win32.ActiveCfg = Release|Win32
		{076B7278-9F5A-450D-91C9-1AEFC086AFE1}.Release|Win32.Build.0 = Release|Win32
		{076B7278-9F5A-450D-91C9-1AEFC086AFE1}.Release|x64.ActiveCfg = Release|x64
		{076B7278-9F5A-450D-91C9-1AEFC086AFE1}.Release|x64.Build.0 = Release|x64
		{076B7278-9F5A-450D-91C9-1AEFC086AFE1}.Release|x86.ActiveCfg = Release|Win32
		{076B7278-9F5A-450D-91C9-1AEFC086AFE1}.Release|x86.Build.0 = Release|Win32
		{190BC414-8267-4090-905A-28F522F7A544}.Debug|Any CPU.ActiveCfg = Debug|Win32
		{190BC414-8267-4090-905A-28F522F7A544}.Debug|ARM.ActiveCfg = Debug|ARM
		{190BC414-8267-4090-905A-28F522F7A544}.Debug|ARM.Build.0 = Debug|ARM
		{190BC414-8267-4090-905A-28F522F7A544}.Debug|Mixed Platforms.ActiveCfg = Debug|Win32
		{190BC414-8267-4090-905A-28F522F7A544}.Debug|Mixed Platforms.Build.0 = Debug|Win32
		{190BC414-8267-4090-905A-28F522F7A544}.Debug|Win32.ActiveCfg = Debug|Win32
		{190BC414-8267-4090-905A-28F522F7A544}.Debug|Win32.Build.0 = Debug|Win32
		{190BC414-8267-4090-905A-28F522F7A544}.Debug|x64.ActiveCfg = Debug|Win32
		{190BC414-8267-4090-905A-28F522F7A544}.Debug|x86.ActiveCfg = Debug|Win32
		{190BC414-8267-4090-905A-28F522F7A544}.Debug|x86.Build.0 = Debug|Win32
		{190BC414-8267-4090-905A-28F522F7A544}.Release|Any CPU.ActiveCfg = Release|Win32
		{190BC414-8267-4090-905A-28F522F7A544}.Release|ARM.ActiveCfg = Release|ARM
		{190BC414-8267-4090-905A-28F522F7A544}.Release|ARM.Build.0 = Release|ARM
		{190BC414-8267-4090-905A-28F522F7A544}.Release|Mixed Platforms.ActiveCfg = Release|Win32
		{190BC414-8267-4090-905A-28F522F7A544}.Release|Mixed Platforms.Build.0 = Release|Win32
		{190BC414-8267-4090-905A-28F522F7A544}.Release|Win32.ActiveCfg = Release|Win32
		{190BC414-8267-4090-905A-28F522F7A544}.Release|Win32.Build.0 = Release|Win32
		{190BC414-8267-4090-905A-28F522F7A544}.Release|x64.ActiveCfg = Release|Win32
		{190BC414-8267-4090-905A-28F522F7A544}.Release|x86.ActiveCfg = Release|Win32
		{190BC414-8267-4090-905A-28F522F7A544}.Release|x86.Build.0 = Release|Win32
		{D2879184-3F33-4473-88E9-1301833143EB}.Debug|Any CPU.ActiveCfg = Debug|Win32
		{D2879184-3F33-4473-88E9-1301833143EB}.Debug|ARM.ActiveCfg = Debug|ARM
		{D2879184-3F33-4473-88E9-1301833143EB}.Debug|ARM.Build.0 = Debug|ARM
		{D2879184-3F33-4473-88E9-1301833143EB}.Debug|ARM.Deploy.0 = Debug|ARM
		{D2879184-3F33-4473-88E9-1301833143EB}.Debug|Mixed Platforms.ActiveCfg = Debug|Win32
		{D2879184-3F33-4473-88E9-1301833143EB}.Debug|Mixed Platforms.Build.0 = Debug|Win32
		{D2879184-3F33-4473-88E9-1301833143EB}.Debug|Mixed Platforms.Deploy.0 = Debug|Win32
		{D2879184-3F33-4473-88E9-1301833143EB}.Debug|Win32.ActiveCfg = Debug|Win32
		{D2879184-3F33-4473-88E9-1301833143EB}.Debug|Win32.Build.0 = Debug|Win32
		{D2879184-3F33-4473-88E9-1301833143EB}.Debug|Win32.Deploy.0 = Debug|Win32
		{D2879184-3F33-4473-88E9-1301833143EB}.Debug|x64.ActiveCfg = Debug|x64
		{D2879184-3F33-4473-88E9-1301833143EB}.Debug|x64.Build.0 = Debug|x64
		{D2879184-3F33-4473-88E9-1301833143EB}.Debug|x64.Deploy.0 = Debug|x64
		{D2879184-3F33-4473-88E9-1301833143EB}.Debug|x86.ActiveCfg = Debug|Win32
		{D2879184-3F33-4473-88E9-1301833143EB}.Debug|x86.Build.0 = Debug|Win32
		{D2879184-3F33-4473-88E9-1301833143EB}.Debug|x86.Deploy.0 = Debug|Win32
		{D2879184-3F33-4473-88E9-1301833143EB}.Release|Any CPU.ActiveCfg = Release|Win32
		{D2879184-3F33-4473-88E9-1301833143EB}.Release|ARM.ActiveCfg = Release|ARM
		{D2879184-3F33-4473-88E9-1301833143EB}.Release|ARM.Build.0 = Release|ARM
		{D2879184-3F33-4473-88E9-1301833143EB}.Release|ARM.Deploy.0 = Release|ARM
		{D2879184-3F33-4473-88E9-1301833143EB}.Release|Mixed Platforms.ActiveCfg = Release|Win32
		{D2879184-3F33-4473-88E9-1301833143EB}.Release|Mixed Platforms.Build.0 = Release|Win32
		{D2879184-3F33-4473-88E9-1301833143EB}.Release|Mixed Platforms.Deploy.0 = Release|Win32
		{D2879184-3F33-4473-88E9-1301833143EB}.Release|Win32.ActiveCfg = Release|Win32
		{D2879184-3F33-4473-88E9-1301833143EB}.Release|Win32.Build.0 = Release|Win32
		{D2879184-3F33-4473-88E9-1301833143EB}.Release|Win32.Deploy.0 = Release|Win32
		{D2879184-3F33-4473-88E9-1301833143EB}.Release|x64.ActiveCfg = Release|x64
		{D2879184-3F33-4473-88E9-1301833143EB}.Release|x64.Build.0 = Release|x64
		{D2879184-3F33-4473-88E9-1301833143EB}.Release|x64.Deploy.0 = Release|x64
		{D2879184-3F33-4473-88E9-1301833143EB}.Release|x86.ActiveCfg = Release|Win32
		{D2879184-3F33-4473-88E9-1301833143EB}.Release|x86.Build.0 = Release|Win32
		{D2879184-3F33-4473-88E9-1301833143EB}.Release|x86.Deploy.0 = Release|Win32
		{7DB8D248-B230-48A8-B372-64EACF7BB2C7}.Debug|Any CPU.ActiveCfg = Debug|Any CPU
		{7DB8D248-B230-48A8-B372-64EACF7BB2C7}.Debug|Any CPU.Build.0 = Debug|Any CPU
		{7DB8D248-B230-48A8-B372-64EACF7BB2C7}.Debug|Any CPU.Deploy.0 = Debug|Any CPU
		{7DB8D248-B230-48A8-B372-64EACF7BB2C7}.Debug|ARM.ActiveCfg = Debug|ARM
		{7DB8D248-B230-48A8-B372-64EACF7BB2C7}.Debug|ARM.Build.0 = Debug|ARM
		{7DB8D248-B230-48A8-B372-64EACF7BB2C7}.Debug|ARM.Deploy.0 = Debug|ARM
		{7DB8D248-B230-48A8-B372-64EACF7BB2C7}.Debug|Mixed Platforms.ActiveCfg = Debug|x86
		{7DB8D248-B230-48A8-B372-64EACF7BB2C7}.Debug|Mixed Platforms.Build.0 = Debug|x86
		{7DB8D248-B230-48A8-B372-64EACF7BB2C7}.Debug|Mixed Platforms.Deploy.0 = Debug|x86
		{7DB8D248-B230-48A8-B372-64EACF7BB2C7}.Debug|Win32.ActiveCfg = Debug|x86
		{7DB8D248-B230-48A8-B372-64EACF7BB2C7}.Debug|Win32.Build.0 = Debug|x86
		{7DB8D248-B230-48A8-B372-64EACF7BB2C7}.Debug|Win32.Deploy.0 = Debug|x86
		{7DB8D248-B230-48A8-B372-64EACF7BB2C7}.Debug|x64.ActiveCfg = Debug|x64
		{7DB8D248-B230-48A8-B372-64EACF7BB2C7}.Debug|x64.Build.0 = Debug|x64
		{7DB8D248-B230-48A8-B372-64EACF7BB2C7}.Debug|x64.Deploy.0 = Debug|x64
		{7DB8D248-B230-48A8-B372-64EACF7BB2C7}.Debug|x86.ActiveCfg = Debug|x86
		{7DB8D248-B230-48A8-B372-64EACF7BB2C7}.Debug|x86.Build.0 = Debug|x86
		{7DB8D248-B230-48A8-B372-64EACF7BB2C7}.Debug|x86.Deploy.0 = Debug|x86
		{7DB8D248-B230-48A8-B372-64EACF7BB2C7}.Release|Any CPU.ActiveCfg = Release|Any CPU
		{7DB8D248-B230-48A8-B372-64EACF7BB2C7}.Release|Any CPU.Build.0 = Release|Any CPU
		{7DB8D248-B230-48A8-B372-64EACF7BB2C7}.Release|Any CPU.Deploy.0 = Release|Any CPU
		{7DB8D248-B230-48A8-B372-64EACF7BB2C7}.Release|ARM.ActiveCfg = Release|ARM
		{7DB8D248-B230-48A8-B372-64EACF7BB2C7}.Release|ARM.Build.0 = Release|ARM
		{7DB8D248-B230-48A8-B372-64EACF7BB2C7}.Release|ARM.Deploy.0 = Release|ARM
		{7DB8D248-B230-48A8-B372-64EACF7BB2C7}.Release|Mixed Platforms.ActiveCfg = Release|x86
		{7DB8D248-B230-48A8-B372-64EACF7BB2C7}.Release|Mixed Platforms.Build.0 = Release|x86
		{7DB8D248-B230-48A8-B372-64EACF7BB2C7}.Release|Mixed Platforms.Deploy.0 = Release|x86
		{7DB8D248-B230-48A8-B372-64EACF7BB2C7}.Release|Win32.ActiveCfg = Release|x86
		{7DB8D248-B230-48A8-B372-64EACF7BB2C7}.Release|Win32.Build.0 = Release|x86
		{7DB8D248-B230-48A8-B372-64EACF7BB2C7}.Release|Win32.Deploy.0 = Release|x86
		{7DB8D248-B230-48A8-B372-64EACF7BB2C7}.Release|x64.ActiveCfg = Release|x64
		{7DB8D248-B230-48A8-B372-64EACF7BB2C7}.Release|x64.Build.0 = Release|x64
		{7DB8D248-B230-48A8-B372-64EACF7BB2C7}.Release|x64.Deploy.0 = Release|x64
		{7DB8D248-B230-48A8-B372-64EACF7BB2C7}.Release|x86.ActiveCfg = Release|x86
		{7DB8D248-B230-48A8-B372-64EACF7BB2C7}.Release|x86.Build.0 = Release|x86
		{7DB8D248-B230-48A8-B372-64EACF7BB2C7}.Release|x86.Deploy.0 = Release|x86
		{C382EC3B-D2FA-487E-AE89-B04BF926DEF9}.Debug|Any CPU.ActiveCfg = Debug|Any CPU
		{C382EC3B-D2FA-487E-AE89-B04BF926DEF9}.Debug|Any CPU.Build.0 = Debug|Any CPU
		{C382EC3B-D2FA-487E-AE89-B04BF926DEF9}.Debug|Any CPU.Deploy.0 = Debug|Any CPU
		{C382EC3B-D2FA-487E-AE89-B04BF926DEF9}.Debug|ARM.ActiveCfg = Debug|ARM
		{C382EC3B-D2FA-487E-AE89-B04BF926DEF9}.Debug|ARM.Build.0 = Debug|ARM
		{C382EC3B-D2FA-487E-AE89-B04BF926DEF9}.Debug|ARM.Deploy.0 = Debug|ARM
		{C382EC3B-D2FA-487E-AE89-B04BF926DEF9}.Debug|Mixed Platforms.ActiveCfg = Debug|x86
		{C382EC3B-D2FA-487E-AE89-B04BF926DEF9}.Debug|Mixed Platforms.Build.0 = Debug|x86
		{C382EC3B-D2FA-487E-AE89-B04BF926DEF9}.Debug|Mixed Platforms.Deploy.0 = Debug|x86
		{C382EC3B-D2FA-487E-AE89-B04BF926DEF9}.Debug|Win32.ActiveCfg = Debug|x86
		{C382EC3B-D2FA-487E-AE89-B04BF926DEF9}.Debug|Win32.Build.0 = Debug|x86
		{C382EC3B-D2FA-487E-AE89-B04BF926DEF9}.Debug|Win32.Deploy.0 = Debug|x86
		{C382EC3B-D2FA-487E-AE89-B04BF926DEF9}.Debug|x64.ActiveCfg = Debug|Any CPU
		{C382EC3B-D2FA-487E-AE89-B04BF926DEF9}.Debug|x86.ActiveCfg = Debug|x86
		{C382EC3B-D2FA-487E-AE89-B04BF926DEF9}.Debug|x86.Build.0 = Debug|x86
		{C382EC3B-D2FA-487E-AE89-B04BF926DEF9}.Debug|x86.Deploy.0 = Debug|x86
		{C382EC3B-D2FA-487E-AE89-B04BF926DEF9}.Release|Any CPU.ActiveCfg = Release|Any CPU
		{C382EC3B-D2FA-487E-AE89-B04BF926DEF9}.Release|Any CPU.Build.0 = Release|Any CPU
		{C382EC3B-D2FA-487E-AE89-B04BF926DEF9}.Release|Any CPU.Deploy.0 = Release|Any CPU
		{C382EC3B-D2FA-487E-AE89-B04BF926DEF9}.Release|ARM.ActiveCfg = Release|ARM
		{C382EC3B-D2FA-487E-AE89-B04BF926DEF9}.Release|ARM.Build.0 = Release|ARM
		{C382EC3B-D2FA-487E-AE89-B04BF926DEF9}.Release|ARM.Deploy.0 = Release|ARM
		{C382EC3B-D2FA-487E-AE89-B04BF926DEF9}.Release|Mixed Platforms.ActiveCfg = Release|x86
		{C382EC3B-D2FA-487E-AE89-B04BF926DEF9}.Release|Mixed Platforms.Build.0 = Release|x86
		{C382EC3B-D2FA-487E-AE89-B04BF926DEF9}.Release|Mixed Platforms.Deploy.0 = Release|x86
		{C382EC3B-D2FA-487E-AE89-B04BF926DEF9}.Release|Win32.ActiveCfg = Release|x86
		{C382EC3B-D2FA-487E-AE89-B04BF926DEF9}.Release|Win32.Build.0 = Release|x86
		{C382EC3B-D2FA-487E-AE89-B04BF926DEF9}.Release|Win32.Deploy.0 = Release|x86
		{C382EC3B-D2FA-487E-AE89-B04BF926DEF9}.Release|x64.ActiveCfg = Release|Any CPU
		{C382EC3B-D2FA-487E-AE89-B04BF926DEF9}.Release|x86.ActiveCfg = Release|x86
		{C382EC3B-D2FA-487E-AE89-B04BF926DEF9}.Release|x86.Build.0 = Release|x86
		{C382EC3B-D2FA-487E-AE89-B04BF926DEF9}.Release|x86.Deploy.0 = Release|x86
		{4ECF25E6-50C2-449A-868B-F9B2DC22D0D2}.Debug|Any CPU.ActiveCfg = Debug|Win32
		{4ECF25E6-50C2-449A-868B-F9B2DC22D0D2}.Debug|ARM.ActiveCfg = Debug|ARM
		{4ECF25E6-50C2-449A-868B-F9B2DC22D0D2}.Debug|ARM.Build.0 = Debug|ARM
		{4ECF25E6-50C2-449A-868B-F9B2DC22D0D2}.Debug|ARM.Deploy.0 = Debug|ARM
		{4ECF25E6-50C2-449A-868B-F9B2DC22D0D2}.Debug|Mixed Platforms.ActiveCfg = Debug|Win32
		{4ECF25E6-50C2-449A-868B-F9B2DC22D0D2}.Debug|Mixed Platforms.Build.0 = Debug|Win32
		{4ECF25E6-50C2-449A-868B-F9B2DC22D0D2}.Debug|Mixed Platforms.Deploy.0 = Debug|Win32
		{4ECF25E6-50C2-449A-868B-F9B2DC22D0D2}.Debug|Win32.ActiveCfg = Debug|Win32
		{4ECF25E6-50C2-449A-868B-F9B2DC22D0D2}.Debug|Win32.Build.0 = Debug|Win32
		{4ECF25E6-50C2-449A-868B-F9B2DC22D0D2}.Debug|Win32.Deploy.0 = Debug|Win32
		{4ECF25E6-50C2-449A-868B-F9B2DC22D0D2}.Debug|x64.ActiveCfg = Debug|Win32
		{4ECF25E6-50C2-449A-868B-F9B2DC22D0D2}.Debug|x86.ActiveCfg = Debug|Win32
		{4ECF25E6-50C2-449A-868B-F9B2DC22D0D2}.Debug|x86.Build.0 = Debug|Win32
		{4ECF25E6-50C2-449A-868B-F9B2DC22D0D2}.Debug|x86.Deploy.0 = Debug|Win32
		{4ECF25E6-50C2-449A-868B-F9B2DC22D0D2}.Release|Any CPU.ActiveCfg = Release|Win32
		{4ECF25E6-50C2-449A-868B-F9B2DC22D0D2}.Release|ARM.ActiveCfg = Release|ARM
		{4ECF25E6-50C2-449A-868B-F9B2DC22D0D2}.Release|ARM.Build.0 = Release|ARM
		{4ECF25E6-50C2-449A-868B-F9B2DC22D0D2}.Release|ARM.Deploy.0 = Release|ARM
		{4ECF25E6-50C2-449A-868B-F9B2DC22D0D2}.Release|Mixed Platforms.ActiveCfg = Release|Win32
		{4ECF25E6-50C2-449A-868B-F9B2DC22D0D2}.Release|Mixed Platforms.Build.0 = Release|Win32
		{4ECF25E6-50C2-449A-868B-F9B2DC22D0D2}.Release|Mixed Platforms.Deploy.0 = Release|Win32
		{4ECF25E6-50C2-449A-868B-F9B2DC22D0D2}.Release|Win32.ActiveCfg = Release|Win32
		{4ECF25E6-50C2-449A-868B-F9B2DC22D0D2}.Release|Win32.Build.0 = Release|Win32
		{4ECF25E6-50C2-449A-868B-F9B2DC22D0D2}.Release|Win32.Deploy.0 = Release|Win32
		{4ECF25E6-50C2-449A-868B-F9B2DC22D0D2}.Release|x64.ActiveCfg = Release|Win32
		{4ECF25E6-50C2-449A-868B-F9B2DC22D0D2}.Release|x86.ActiveCfg = Release|Win32
		{4ECF25E6-50C2-449A-868B-F9B2DC22D0D2}.Release|x86.Build.0 = Release|Win32
		{4ECF25E6-50C2-449A-868B-F9B2DC22D0D2}.Release|x86.Deploy.0 = Release|Win32
		{C69D2B9D-A33D-4A05-8E48-D4785E1FC572}.Debug|Any CPU.ActiveCfg = Release|Win32
		{C69D2B9D-A33D-4A05-8E48-D4785E1FC572}.Debug|ARM.ActiveCfg = Release|Win32
		{C69D2B9D-A33D-4A05-8E48-D4785E1FC572}.Debug|Mixed Platforms.ActiveCfg = Release|Win32
		{C69D2B9D-A33D-4A05-8E48-D4785E1FC572}.Debug|Win32.ActiveCfg = Release|Win32
		{C69D2B9D-A33D-4A05-8E48-D4785E1FC572}.Debug|x64.ActiveCfg = Release|Win32
		{C69D2B9D-A33D-4A05-8E48-D4785E1FC572}.Debug|x86.ActiveCfg = Release|Win32
		{C69D2B9D-A33D-4A05-8E48-D4785E1FC572}.Release|Any CPU.ActiveCfg = Release|Win32
		{C69D2B9D-A33D-4A05-8E48-D4785E1FC572}.Release|ARM.ActiveCfg = Release|Win32
		{C69D2B9D-A33D-4A05-8E48-D4785E1FC572}.Release|Mixed Platforms.ActiveCfg = Release|Win32
		{C69D2B9D-A33D-4A05-8E48-D4785E1FC572}.Release|Win32.ActiveCfg = Release|Win32
		{C69D2B9D-A33D-4A05-8E48-D4785E1FC572}.Release|x64.ActiveCfg = Release|Win32
		{C69D2B9D-A33D-4A05-8E48-D4785E1FC572}.Release|x86.ActiveCfg = Release|Win32
		{9A67BB26-BFF2-4D39-BC2A-A7C69BAD2439}.Debug|Any CPU.ActiveCfg = Debug|Any CPU
		{9A67BB26-BFF2-4D39-BC2A-A7C69BAD2439}.Debug|Any CPU.Build.0 = Debug|Any CPU
		{9A67BB26-BFF2-4D39-BC2A-A7C69BAD2439}.Debug|Any CPU.Deploy.0 = Debug|Any CPU
		{9A67BB26-BFF2-4D39-BC2A-A7C69BAD2439}.Debug|ARM.ActiveCfg = Debug|ARM
		{9A67BB26-BFF2-4D39-BC2A-A7C69BAD2439}.Debug|ARM.Build.0 = Debug|ARM
		{9A67BB26-BFF2-4D39-BC2A-A7C69BAD2439}.Debug|ARM.Deploy.0 = Debug|ARM
		{9A67BB26-BFF2-4D39-BC2A-A7C69BAD2439}.Debug|Mixed Platforms.ActiveCfg = Debug|x86
		{9A67BB26-BFF2-4D39-BC2A-A7C69BAD2439}.Debug|Mixed Platforms.Build.0 = Debug|x86
		{9A67BB26-BFF2-4D39-BC2A-A7C69BAD2439}.Debug|Mixed Platforms.Deploy.0 = Debug|x86
		{9A67BB26-BFF2-4D39-BC2A-A7C69BAD2439}.Debug|Win32.ActiveCfg = Debug|x86
		{9A67BB26-BFF2-4D39-BC2A-A7C69BAD2439}.Debug|Win32.Build.0 = Debug|x86
		{9A67BB26-BFF2-4D39-BC2A-A7C69BAD2439}.Debug|Win32.Deploy.0 = Debug|x86
		{9A67BB26-BFF2-4D39-BC2A-A7C69BAD2439}.Debug|x64.ActiveCfg = Debug|x64
		{9A67BB26-BFF2-4D39-BC2A-A7C69BAD2439}.Debug|x64.Build.0 = Debug|x64
		{9A67BB26-BFF2-4D39-BC2A-A7C69BAD2439}.Debug|x64.Deploy.0 = Debug|x64
		{9A67BB26-BFF2-4D39-BC2A-A7C69BAD2439}.Debug|x86.ActiveCfg = Debug|x86
		{9A67BB26-BFF2-4D39-BC2A-A7C69BAD2439}.Debug|x86.Build.0 = Debug|x86
		{9A67BB26-BFF2-4D39-BC2A-A7C69BAD2439}.Debug|x86.Deploy.0 = Debug|x86
		{9A67BB26-BFF2-4D39-BC2A-A7C69BAD2439}.Release|Any CPU.ActiveCfg = Release|Any CPU
		{9A67BB26-BFF2-4D39-BC2A-A7C69BAD2439}.Release|Any CPU.Build.0 = Release|Any CPU
		{9A67BB26-BFF2-4D39-BC2A-A7C69BAD2439}.Release|Any CPU.Deploy.0 = Release|Any CPU
		{9A67BB26-BFF2-4D39-BC2A-A7C69BAD2439}.Release|ARM.ActiveCfg = Release|ARM
		{9A67BB26-BFF2-4D39-BC2A-A7C69BAD2439}.Release|ARM.Build.0 = Release|ARM
		{9A67BB26-BFF2-4D39-BC2A-A7C69BAD2439}.Release|ARM.Deploy.0 = Release|ARM
		{9A67BB26-BFF2-4D39-BC2A-A7C69BAD2439}.Release|Mixed Platforms.ActiveCfg = Release|x86
		{9A67BB26-BFF2-4D39-BC2A-A7C69BAD2439}.Release|Mixed Platforms.Build.0 = Release|x86
		{9A67BB26-BFF2-4D39-BC2A-A7C69BAD2439}.Release|Mixed Platforms.Deploy.0 = Release|x86
		{9A67BB26-BFF2-4D39-BC2A-A7C69BAD2439}.Release|Win32.ActiveCfg = Release|x86
		{9A67BB26-BFF2-4D39-BC2A-A7C69BAD2439}.Release|Win32.Build.0 = Release|x86
		{9A67BB26-BFF2-4D39-BC2A-A7C69BAD2439}.Release|Win32.Deploy.0 = Release|x86
		{9A67BB26-BFF2-4D39-BC2A-A7C69BAD2439}.Release|x64.ActiveCfg = Release|x64
		{9A67BB26-BFF2-4D39-BC2A-A7C69BAD2439}.Release|x64.Build.0 = Release|x64
		{9A67BB26-BFF2-4D39-BC2A-A7C69BAD2439}.Release|x64.Deploy.0 = Release|x64
		{9A67BB26-BFF2-4D39-BC2A-A7C69BAD2439}.Release|x86.ActiveCfg = Release|x86
		{9A67BB26-BFF2-4D39-BC2A-A7C69BAD2439}.Release|x86.Build.0 = Release|x86
		{9A67BB26-BFF2-4D39-BC2A-A7C69BAD2439}.Release|x86.Deploy.0 = Release|x86
		{215514CE-1BFF-4186-9F10-CD44A09257B4}.Debug|Any CPU.ActiveCfg = Debug|x86
		{215514CE-1BFF-4186-9F10-CD44A09257B4}.Debug|ARM.ActiveCfg = Debug|ARM
		{215514CE-1BFF-4186-9F10-CD44A09257B4}.Debug|ARM.Build.0 = Debug|ARM
		{215514CE-1BFF-4186-9F10-CD44A09257B4}.Debug|ARM.Deploy.0 = Debug|ARM
		{215514CE-1BFF-4186-9F10-CD44A09257B4}.Debug|Mixed Platforms.ActiveCfg = Debug|x86
		{215514CE-1BFF-4186-9F10-CD44A09257B4}.Debug|Mixed Platforms.Build.0 = Debug|x86
		{215514CE-1BFF-4186-9F10-CD44A09257B4}.Debug|Mixed Platforms.Deploy.0 = Debug|x86
		{215514CE-1BFF-4186-9F10-CD44A09257B4}.Debug|Win32.ActiveCfg = Debug|x86
		{215514CE-1BFF-4186-9F10-CD44A09257B4}.Debug|Win32.Build.0 = Debug|x86
		{215514CE-1BFF-4186-9F10-CD44A09257B4}.Debug|Win32.Deploy.0 = Debug|x86
		{215514CE-1BFF-4186-9F10-CD44A09257B4}.Debug|x64.ActiveCfg = Debug|x86
		{215514CE-1BFF-4186-9F10-CD44A09257B4}.Debug|x86.ActiveCfg = Debug|x86
		{215514CE-1BFF-4186-9F10-CD44A09257B4}.Debug|x86.Build.0 = Debug|x86
		{215514CE-1BFF-4186-9F10-CD44A09257B4}.Debug|x86.Deploy.0 = Debug|x86
		{215514CE-1BFF-4186-9F10-CD44A09257B4}.Release|Any CPU.ActiveCfg = Release|x86
		{215514CE-1BFF-4186-9F10-CD44A09257B4}.Release|ARM.ActiveCfg = Release|ARM
		{215514CE-1BFF-4186-9F10-CD44A09257B4}.Release|ARM.Build.0 = Release|ARM
		{215514CE-1BFF-4186-9F10-CD44A09257B4}.Release|ARM.Deploy.0 = Release|ARM
		{215514CE-1BFF-4186-9F10-CD44A09257B4}.Release|Mixed Platforms.ActiveCfg = Release|x86
		{215514CE-1BFF-4186-9F10-CD44A09257B4}.Release|Mixed Platforms.Build.0 = Release|x86
		{215514CE-1BFF-4186-9F10-CD44A09257B4}.Release|Mixed Platforms.Deploy.0 = Release|x86
		{215514CE-1BFF-4186-9F10-CD44A09257B4}.Release|Win32.ActiveCfg = Release|x86
		{215514CE-1BFF-4186-9F10-CD44A09257B4}.Release|Win32.Build.0 = Release|x86
		{215514CE-1BFF-4186-9F10-CD44A09257B4}.Release|Win32.Deploy.0 = Release|x86
		{215514CE-1BFF-4186-9F10-CD44A09257B4}.Release|x64.ActiveCfg = Release|x86
		{215514CE-1BFF-4186-9F10-CD44A09257B4}.Release|x86.ActiveCfg = Release|x86
		{215514CE-1BFF-4186-9F10-CD44A09257B4}.Release|x86.Build.0 = Release|x86
		{215514CE-1BFF-4186-9F10-CD44A09257B4}.Release|x86.Deploy.0 = Release|x86
		{A9D9D09B-243D-47D8-99FB-D0EDC5DEA74A}.Debug|Any CPU.ActiveCfg = Debug|Any CPU
		{A9D9D09B-243D-47D8-99FB-D0EDC5DEA74A}.Debug|Any CPU.Build.0 = Debug|Any CPU
		{A9D9D09B-243D-47D8-99FB-D0EDC5DEA74A}.Debug|Any CPU.Deploy.0 = Debug|Any CPU
		{A9D9D09B-243D-47D8-99FB-D0EDC5DEA74A}.Debug|ARM.ActiveCfg = Debug|ARM
		{A9D9D09B-243D-47D8-99FB-D0EDC5DEA74A}.Debug|ARM.Build.0 = Debug|ARM
		{A9D9D09B-243D-47D8-99FB-D0EDC5DEA74A}.Debug|ARM.Deploy.0 = Debug|ARM
		{A9D9D09B-243D-47D8-99FB-D0EDC5DEA74A}.Debug|Mixed Platforms.ActiveCfg = Debug|x86
		{A9D9D09B-243D-47D8-99FB-D0EDC5DEA74A}.Debug|Mixed Platforms.Build.0 = Debug|x86
		{A9D9D09B-243D-47D8-99FB-D0EDC5DEA74A}.Debug|Mixed Platforms.Deploy.0 = Debug|x86
		{A9D9D09B-243D-47D8-99FB-D0EDC5DEA74A}.Debug|Win32.ActiveCfg = Debug|x86
		{A9D9D09B-243D-47D8-99FB-D0EDC5DEA74A}.Debug|Win32.Build.0 = Debug|x86
		{A9D9D09B-243D-47D8-99FB-D0EDC5DEA74A}.Debug|Win32.Deploy.0 = Debug|x86
		{A9D9D09B-243D-47D8-99FB-D0EDC5DEA74A}.Debug|x64.ActiveCfg = Debug|x64
		{A9D9D09B-243D-47D8-99FB-D0EDC5DEA74A}.Debug|x64.Build.0 = Debug|x64
		{A9D9D09B-243D-47D8-99FB-D0EDC5DEA74A}.Debug|x64.Deploy.0 = Debug|x64
		{A9D9D09B-243D-47D8-99FB-D0EDC5DEA74A}.Debug|x86.ActiveCfg = Debug|x86
		{A9D9D09B-243D-47D8-99FB-D0EDC5DEA74A}.Debug|x86.Build.0 = Debug|x86
		{A9D9D09B-243D-47D8-99FB-D0EDC5DEA74A}.Debug|x86.Deploy.0 = Debug|x86
		{A9D9D09B-243D-47D8-99FB-D0EDC5DEA74A}.Release|Any CPU.ActiveCfg = Release|Any CPU
		{A9D9D09B-243D-47D8-99FB-D0EDC5DEA74A}.Release|Any CPU.Build.0 = Release|Any CPU
		{A9D9D09B-243D-47D8-99FB-D0EDC5DEA74A}.Release|Any CPU.Deploy.0 = Release|Any CPU
		{A9D9D09B-243D-47D8-99FB-D0EDC5DEA74A}.Release|ARM.ActiveCfg = Release|ARM
		{A9D9D09B-243D-47D8-99FB-D0EDC5DEA74A}.Release|ARM.Build.0 = Release|ARM
		{A9D9D09B-243D-47D8-99FB-D0EDC5DEA74A}.Release|ARM.Deploy.0 = Release|ARM
		{A9D9D09B-243D-47D8-99FB-D0EDC5DEA74A}.Release|Mixed Platforms.ActiveCfg = Release|x86
		{A9D9D09B-243D-47D8-99FB-D0EDC5DEA74A}.Release|Mixed Platforms.Build.0 = Release|x86
		{A9D9D09B-243D-47D8-99FB-D0EDC5DEA74A}.Release|Mixed Platforms.Deploy.0 = Release|x86
		{A9D9D09B-243D-47D8-99FB-D0EDC5DEA74A}.Release|Win32.ActiveCfg = Release|x86
		{A9D9D09B-243D-47D8-99FB-D0EDC5DEA74A}.Release|Win32.Build.0 = Release|x86
		{A9D9D09B-243D-47D8-99FB-D0EDC5DEA74A}.Release|Win32.Deploy.0 = Release|x86
		{A9D9D09B-243D-47D8-99FB-D0EDC5DEA74A}.Release|x64.ActiveCfg = Release|x64
		{A9D9D09B-243D-47D8-99FB-D0EDC5DEA74A}.Release|x64.Build.0 = Release|x64
		{A9D9D09B-243D-47D8-99FB-D0EDC5DEA74A}.Release|x64.Deploy.0 = Release|x64
		{A9D9D09B-243D-47D8-99FB-D0EDC5DEA74A}.Release|x86.ActiveCfg = Release|x86
		{A9D9D09B-243D-47D8-99FB-D0EDC5DEA74A}.Release|x86.Build.0 = Release|x86
		{A9D9D09B-243D-47D8-99FB-D0EDC5DEA74A}.Release|x86.Deploy.0 = Release|x86
		{512A8B6E-04D5-4914-AA3D-11E35BBC173A}.Debug|Any CPU.ActiveCfg = Debug|Any CPU
		{512A8B6E-04D5-4914-AA3D-11E35BBC173A}.Debug|Any CPU.Build.0 = Debug|Any CPU
		{512A8B6E-04D5-4914-AA3D-11E35BBC173A}.Debug|ARM.ActiveCfg = Debug|ARM
		{512A8B6E-04D5-4914-AA3D-11E35BBC173A}.Debug|ARM.Build.0 = Debug|ARM
		{512A8B6E-04D5-4914-AA3D-11E35BBC173A}.Debug|Mixed Platforms.ActiveCfg = Debug|x86
		{512A8B6E-04D5-4914-AA3D-11E35BBC173A}.Debug|Mixed Platforms.Build.0 = Debug|x86
		{512A8B6E-04D5-4914-AA3D-11E35BBC173A}.Debug|Win32.ActiveCfg = Debug|x86
		{512A8B6E-04D5-4914-AA3D-11E35BBC173A}.Debug|Win32.Build.0 = Debug|x86
		{512A8B6E-04D5-4914-AA3D-11E35BBC173A}.Debug|x64.ActiveCfg = Debug|x64
		{512A8B6E-04D5-4914-AA3D-11E35BBC173A}.Debug|x64.Build.0 = Debug|x64
		{512A8B6E-04D5-4914-AA3D-11E35BBC173A}.Debug|x86.ActiveCfg = Debug|x86
		{512A8B6E-04D5-4914-AA3D-11E35BBC173A}.Debug|x86.Build.0 = Debug|x86
		{512A8B6E-04D5-4914-AA3D-11E35BBC173A}.Release|Any CPU.ActiveCfg = Release|Any CPU
		{512A8B6E-04D5-4914-AA3D-11E35BBC173A}.Release|Any CPU.Build.0 = Release|Any CPU
		{512A8B6E-04D5-4914-AA3D-11E35BBC173A}.Release|ARM.ActiveCfg = Release|ARM
		{512A8B6E-04D5-4914-AA3D-11E35BBC173A}.Release|ARM.Build.0 = Release|ARM
		{512A8B6E-04D5-4914-AA3D-11E35BBC173A}.Release|Mixed Platforms.ActiveCfg = Release|x86
		{512A8B6E-04D5-4914-AA3D-11E35BBC173A}.Release|Mixed Platforms.Build.0 = Release|x86
		{512A8B6E-04D5-4914-AA3D-11E35BBC173A}.Release|Win32.ActiveCfg = Release|x86
		{512A8B6E-04D5-4914-AA3D-11E35BBC173A}.Release|Win32.Build.0 = Release|x86
		{512A8B6E-04D5-4914-AA3D-11E35BBC173A}.Release|x64.ActiveCfg = Release|x64
		{512A8B6E-04D5-4914-AA3D-11E35BBC173A}.Release|x64.Build.0 = Release|x64
		{512A8B6E-04D5-4914-AA3D-11E35BBC173A}.Release|x86.ActiveCfg = Release|x86
		{512A8B6E-04D5-4914-AA3D-11E35BBC173A}.Release|x86.Build.0 = Release|x86
		{EC6C9854-2C46-4165-8FE7-7B12D0474FEE}.Debug|Any CPU.ActiveCfg = Debug|Any CPU
		{EC6C9854-2C46-4165-8FE7-7B12D0474FEE}.Debug|Any CPU.Build.0 = Debug|Any CPU
		{EC6C9854-2C46-4165-8FE7-7B12D0474FEE}.Debug|ARM.ActiveCfg = Debug|ARM
		{EC6C9854-2C46-4165-8FE7-7B12D0474FEE}.Debug|ARM.Build.0 = Debug|ARM
		{EC6C9854-2C46-4165-8FE7-7B12D0474FEE}.Debug|Mixed Platforms.ActiveCfg = Debug|x86
		{EC6C9854-2C46-4165-8FE7-7B12D0474FEE}.Debug|Mixed Platforms.Build.0 = Debug|x86
		{EC6C9854-2C46-4165-8FE7-7B12D0474FEE}.Debug|Win32.ActiveCfg = Debug|x86
		{EC6C9854-2C46-4165-8FE7-7B12D0474FEE}.Debug|Win32.Build.0 = Debug|x86
		{EC6C9854-2C46-4165-8FE7-7B12D0474FEE}.Debug|x64.ActiveCfg = Debug|Any CPU
		{EC6C9854-2C46-4165-8FE7-7B12D0474FEE}.Debug|x86.ActiveCfg = Debug|x86
		{EC6C9854-2C46-4165-8FE7-7B12D0474FEE}.Debug|x86.Build.0 = Debug|x86
		{EC6C9854-2C46-4165-8FE7-7B12D0474FEE}.Release|Any CPU.ActiveCfg = Release|Any CPU
		{EC6C9854-2C46-4165-8FE7-7B12D0474FEE}.Release|Any CPU.Build.0 = Release|Any CPU
		{EC6C9854-2C46-4165-8FE7-7B12D0474FEE}.Release|ARM.ActiveCfg = Release|ARM
		{EC6C9854-2C46-4165-8FE7-7B12D0474FEE}.Release|ARM.Build.0 = Release|ARM
		{EC6C9854-2C46-4165-8FE7-7B12D0474FEE}.Release|Mixed Platforms.ActiveCfg = Release|x86
		{EC6C9854-2C46-4165-8FE7-7B12D0474FEE}.Release|Mixed Platforms.Build.0 = Release|x86
		{EC6C9854-2C46-4165-8FE7-7B12D0474FEE}.Release|Win32.ActiveCfg = Release|x86
		{EC6C9854-2C46-4165-8FE7-7B12D0474FEE}.Release|Win32.Build.0 = Release|x86
		{EC6C9854-2C46-4165-8FE7-7B12D0474FEE}.Release|x64.ActiveCfg = Release|Any CPU
		{EC6C9854-2C46-4165-8FE7-7B12D0474FEE}.Release|x86.ActiveCfg = Release|x86
		{EC6C9854-2C46-4165-8FE7-7B12D0474FEE}.Release|x86.Build.0 = Release|x86
		{1843427E-F5D0-4D09-8A07-7CF935D34C5A}.Debug|Any CPU.ActiveCfg = Debug|Any CPU
		{1843427E-F5D0-4D09-8A07-7CF935D34C5A}.Debug|Any CPU.Build.0 = Debug|Any CPU
		{1843427E-F5D0-4D09-8A07-7CF935D34C5A}.Debug|Any CPU.Deploy.0 = Debug|Any CPU
		{1843427E-F5D0-4D09-8A07-7CF935D34C5A}.Debug|ARM.ActiveCfg = Debug|ARM
		{1843427E-F5D0-4D09-8A07-7CF935D34C5A}.Debug|ARM.Build.0 = Debug|ARM
		{1843427E-F5D0-4D09-8A07-7CF935D34C5A}.Debug|ARM.Deploy.0 = Debug|ARM
		{1843427E-F5D0-4D09-8A07-7CF935D34C5A}.Debug|Mixed Platforms.ActiveCfg = Debug|x86
		{1843427E-F5D0-4D09-8A07-7CF935D34C5A}.Debug|Mixed Platforms.Build.0 = Debug|x86
		{1843427E-F5D0-4D09-8A07-7CF935D34C5A}.Debug|Mixed Platforms.Deploy.0 = Debug|x86
		{1843427E-F5D0-4D09-8A07-7CF935D34C5A}.Debug|Win32.ActiveCfg = Debug|x86
		{1843427E-F5D0-4D09-8A07-7CF935D34C5A}.Debug|Win32.Build.0 = Debug|x86
		{1843427E-F5D0-4D09-8A07-7CF935D34C5A}.Debug|Win32.Deploy.0 = Debug|x86
		{1843427E-F5D0-4D09-8A07-7CF935D34C5A}.Debug|x64.ActiveCfg = Debug|x64
		{1843427E-F5D0-4D09-8A07-7CF935D34C5A}.Debug|x64.Build.0 = Debug|x64
		{1843427E-F5D0-4D09-8A07-7CF935D34C5A}.Debug|x64.Deploy.0 = Debug|x64
		{1843427E-F5D0-4D09-8A07-7CF935D34C5A}.Debug|x86.ActiveCfg = Debug|x86
		{1843427E-F5D0-4D09-8A07-7CF935D34C5A}.Debug|x86.Build.0 = Debug|x86
		{1843427E-F5D0-4D09-8A07-7CF935D34C5A}.Debug|x86.Deploy.0 = Debug|x86
		{1843427E-F5D0-4D09-8A07-7CF935D34C5A}.Release|Any CPU.ActiveCfg = Release|Any CPU
		{1843427E-F5D0-4D09-8A07-7CF935D34C5A}.Release|Any CPU.Build.0 = Release|Any CPU
		{1843427E-F5D0-4D09-8A07-7CF935D34C5A}.Release|Any CPU.Deploy.0 = Release|Any CPU
		{1843427E-F5D0-4D09-8A07-7CF935D34C5A}.Release|ARM.ActiveCfg = Release|ARM
		{1843427E-F5D0-4D09-8A07-7CF935D34C5A}.Release|ARM.Build.0 = Release|ARM
		{1843427E-F5D0-4D09-8A07-7CF935D34C5A}.Release|ARM.Deploy.0 = Release|ARM
		{1843427E-F5D0-4D09-8A07-7CF935D34C5A}.Release|Mixed Platforms.ActiveCfg = Release|x86
		{1843427E-F5D0-4D09-8A07-7CF935D34C5A}.Release|Mixed Platforms.Build.0 = Release|x86
		{1843427E-F5D0-4D09-8A07-7CF935D34C5A}.Release|Mixed Platforms.Deploy.0 = Release|x86
		{1843427E-F5D0-4D09-8A07-7CF935D34C5A}.Release|Win32.ActiveCfg = Release|x86
		{1843427E-F5D0-4D09-8A07-7CF935D34C5A}.Release|Win32.Build.0 = Release|x86
		{1843427E-F5D0-4D09-8A07-7CF935D34C5A}.Release|Win32.Deploy.0 = Release|x86
		{1843427E-F5D0-4D09-8A07-7CF935D34C5A}.Release|x64.ActiveCfg = Release|x64
		{1843427E-F5D0-4D09-8A07-7CF935D34C5A}.Release|x64.Build.0 = Release|x64
		{1843427E-F5D0-4D09-8A07-7CF935D34C5A}.Release|x64.Deploy.0 = Release|x64
		{1843427E-F5D0-4D09-8A07-7CF935D34C5A}.Release|x86.ActiveCfg = Release|x86
		{1843427E-F5D0-4D09-8A07-7CF935D34C5A}.Release|x86.Build.0 = Release|x86
		{1843427E-F5D0-4D09-8A07-7CF935D34C5A}.Release|x86.Deploy.0 = Release|x86
		{EDA71CD7-2EF6-41C8-B1C3-ADB2C33C2F5C}.Debug|Any CPU.ActiveCfg = Debug|Any CPU
		{EDA71CD7-2EF6-41C8-B1C3-ADB2C33C2F5C}.Debug|Any CPU.Build.0 = Debug|Any CPU
		{EDA71CD7-2EF6-41C8-B1C3-ADB2C33C2F5C}.Debug|Any CPU.Deploy.0 = Debug|Any CPU
		{EDA71CD7-2EF6-41C8-B1C3-ADB2C33C2F5C}.Debug|ARM.ActiveCfg = Debug|ARM
		{EDA71CD7-2EF6-41C8-B1C3-ADB2C33C2F5C}.Debug|ARM.Build.0 = Debug|ARM
		{EDA71CD7-2EF6-41C8-B1C3-ADB2C33C2F5C}.Debug|ARM.Deploy.0 = Debug|ARM
		{EDA71CD7-2EF6-41C8-B1C3-ADB2C33C2F5C}.Debug|Mixed Platforms.ActiveCfg = Debug|x86
		{EDA71CD7-2EF6-41C8-B1C3-ADB2C33C2F5C}.Debug|Mixed Platforms.Build.0 = Debug|x86
		{EDA71CD7-2EF6-41C8-B1C3-ADB2C33C2F5C}.Debug|Mixed Platforms.Deploy.0 = Debug|x86
		{EDA71CD7-2EF6-41C8-B1C3-ADB2C33C2F5C}.Debug|Win32.ActiveCfg = Debug|x86
		{EDA71CD7-2EF6-41C8-B1C3-ADB2C33C2F5C}.Debug|Win32.Build.0 = Debug|x86
		{EDA71CD7-2EF6-41C8-B1C3-ADB2C33C2F5C}.Debug|Win32.Deploy.0 = Debug|x86
		{EDA71CD7-2EF6-41C8-B1C3-ADB2C33C2F5C}.Debug|x64.ActiveCfg = Debug|Any CPU
		{EDA71CD7-2EF6-41C8-B1C3-ADB2C33C2F5C}.Debug|x86.ActiveCfg = Debug|x86
		{EDA71CD7-2EF6-41C8-B1C3-ADB2C33C2F5C}.Debug|x86.Build.0 = Debug|x86
		{EDA71CD7-2EF6-41C8-B1C3-ADB2C33C2F5C}.Debug|x86.Deploy.0 = Debug|x86
		{EDA71CD7-2EF6-41C8-B1C3-ADB2C33C2F5C}.Release|Any CPU.ActiveCfg = Release|Any CPU
		{EDA71CD7-2EF6-41C8-B1C3-ADB2C33C2F5C}.Release|Any CPU.Build.0 = Release|Any CPU
		{EDA71CD7-2EF6-41C8-B1C3-ADB2C33C2F5C}.Release|Any CPU.Deploy.0 = Release|Any CPU
		{EDA71CD7-2EF6-41C8-B1C3-ADB2C33C2F5C}.Release|ARM.ActiveCfg = Release|ARM
		{EDA71CD7-2EF6-41C8-B1C3-ADB2C33C2F5C}.Release|ARM.Build.0 = Release|ARM
		{EDA71CD7-2EF6-41C8-B1C3-ADB2C33C2F5C}.Release|ARM.Deploy.0 = Release|ARM
		{EDA71CD7-2EF6-41C8-B1C3-ADB2C33C2F5C}.Release|Mixed Platforms.ActiveCfg = Release|x86
		{EDA71CD7-2EF6-41C8-B1C3-ADB2C33C2F5C}.Release|Mixed Platforms.Build.0 = Release|x86
		{EDA71CD7-2EF6-41C8-B1C3-ADB2C33C2F5C}.Release|Mixed Platforms.Deploy.0 = Release|x86
		{EDA71CD7-2EF6-41C8-B1C3-ADB2C33C2F5C}.Release|Win32.ActiveCfg = Release|x86
		{EDA71CD7-2EF6-41C8-B1C3-ADB2C33C2F5C}.Release|Win32.Build.0 = Release|x86
		{EDA71CD7-2EF6-41C8-B1C3-ADB2C33C2F5C}.Release|Win32.Deploy.0 = Release|x86
		{EDA71CD7-2EF6-41C8-B1C3-ADB2C33C2F5C}.Release|x64.ActiveCfg = Release|Any CPU
		{EDA71CD7-2EF6-41C8-B1C3-ADB2C33C2F5C}.Release|x86.ActiveCfg = Release|x86
		{EDA71CD7-2EF6-41C8-B1C3-ADB2C33C2F5C}.Release|x86.Build.0 = Release|x86
		{EDA71CD7-2EF6-41C8-B1C3-ADB2C33C2F5C}.Release|x86.Deploy.0 = Release|x86
		{8A965FD2-5D89-439B-A92A-717CCE611F68}.Debug|Any CPU.ActiveCfg = Debug|Any CPU
		{8A965FD2-5D89-439B-A92A-717CCE611F68}.Debug|Any CPU.Build.0 = Debug|Any CPU
		{8A965FD2-5D89-439B-A92A-717CCE611F68}.Debug|ARM.ActiveCfg = Debug|Any CPU
		{8A965FD2-5D89-439B-A92A-717CCE611F68}.Debug|Mixed Platforms.ActiveCfg = Debug|Any CPU
		{8A965FD2-5D89-439B-A92A-717CCE611F68}.Debug|Mixed Platforms.Build.0 = Debug|Any CPU
		{8A965FD2-5D89-439B-A92A-717CCE611F68}.Debug|Win32.ActiveCfg = Debug|Any CPU
		{8A965FD2-5D89-439B-A92A-717CCE611F68}.Debug|x64.ActiveCfg = Debug|Any CPU
		{8A965FD2-5D89-439B-A92A-717CCE611F68}.Debug|x86.ActiveCfg = Debug|Any CPU
		{8A965FD2-5D89-439B-A92A-717CCE611F68}.Release|Any CPU.ActiveCfg = Release|Any CPU
		{8A965FD2-5D89-439B-A92A-717CCE611F68}.Release|Any CPU.Build.0 = Release|Any CPU
		{8A965FD2-5D89-439B-A92A-717CCE611F68}.Release|ARM.ActiveCfg = Release|Any CPU
		{8A965FD2-5D89-439B-A92A-717CCE611F68}.Release|Mixed Platforms.ActiveCfg = Release|Any CPU
		{8A965FD2-5D89-439B-A92A-717CCE611F68}.Release|Mixed Platforms.Build.0 = Release|Any CPU
		{8A965FD2-5D89-439B-A92A-717CCE611F68}.Release|Win32.ActiveCfg = Release|Any CPU
		{8A965FD2-5D89-439B-A92A-717CCE611F68}.Release|x64.ActiveCfg = Release|Any CPU
		{8A965FD2-5D89-439B-A92A-717CCE611F68}.Release|x86.ActiveCfg = Release|Any CPU
	EndGlobalSection
	GlobalSection(SolutionProperties) = preSolution
		HideSolutionNode = FALSE
	EndGlobalSection
	GlobalSection(NestedProjects) = preSolution
		{071BB221-5418-434C-8706-E5F549053F03} = {D5B2427F-6295-42B5-A983-A0B5A6431A18}
		{076B7278-9F5A-450D-91C9-1AEFC086AFE1} = {D5B2427F-6295-42B5-A983-A0B5A6431A18}
		{190BC414-8267-4090-905A-28F522F7A544} = {D5B2427F-6295-42B5-A983-A0B5A6431A18}
		{751E3C0F-451A-4FB3-897F-CC4E9F231781} = {7D0EF2C4-404D-49D1-9FEF-5DA31014F1DF}
		{7DB8D248-B230-48A8-B372-64EACF7BB2C7} = {7D0EF2C4-404D-49D1-9FEF-5DA31014F1DF}
		{C382EC3B-D2FA-487E-AE89-B04BF926DEF9} = {7D0EF2C4-404D-49D1-9FEF-5DA31014F1DF}
		{512A8B6E-04D5-4914-AA3D-11E35BBC173A} = {9F74D49B-6A6D-4938-985A-02C5F99F359C}
		{EC6C9854-2C46-4165-8FE7-7B12D0474FEE} = {9F74D49B-6A6D-4938-985A-02C5F99F359C}
		{1F08DE49-DFE0-4CEB-A659-72B621A59F73} = {035153F1-FBD4-4E8F-9177-FA8DFB04355C}
		{1843427E-F5D0-4D09-8A07-7CF935D34C5A} = {035153F1-FBD4-4E8F-9177-FA8DFB04355C}
		{EDA71CD7-2EF6-41C8-B1C3-ADB2C33C2F5C} = {035153F1-FBD4-4E8F-9177-FA8DFB04355C}
	EndGlobalSection
EndGlobal
